
Microsoft Visual Studio Solution File, Format Version 12.00
# Visual Studio Version 17
VisualStudioVersion = 17.14.36915.13
MinimumVisualStudioVersion = 10.0.40219.1
Project("{FAE04EC0-301F-11D3-BF4B-00C04F79EFBC}") = "ShamrockRemoteAgent.MasterTester", "ShamrockRemoteAgent.MasterTester.csproj", "{DDF819DA-22E4-4723-A548-6BA968DA09C2}"
EndProject
Project("{FAE04EC0-301F-11D3-BF4B-00C04F79EFBC}") = "ShamrockRemoteAgent.Client", "..\ShamrockRemoteAgent.Client\ShamrockRemoteAgent.Client.csproj", "{41553A65-5A1F-1AAD-44BF-6632400D825D}"
EndProject
Project("{FAE04EC0-301F-11D3-BF4B-00C04F79EFBC}") = "ShamrockRemoteAgent.Master", "..\ShamrockRemoteAgent.Master\ShamrockRemoteAgent.Master.csproj", "{557299A7-1AB1-0825-1434-EE577236D618}"
EndProject
Project("{FAE04EC0-301F-11D3-BF4B-00C04F79EFBC}") = "ShamrockRemoteAgent.TCPProtocol", "..\ShamrockRemoteAgent.TCPProtocol\ShamrockRemoteAgent.TCPProtocol.csproj", "{75D3B531-A2F6-19A0-11CF-74349F1175C2}"
EndProject
Global
	GlobalSection(SolutionConfigurationPlatforms) = preSolution
		Debug|Any CPU = Debug|Any CPU
		Release|Any CPU = Release|Any CPU
	EndGlobalSection
	GlobalSection(ProjectConfigurationPlatforms) = postSolution
		{DDF819DA-22E4-4723-A548-6BA968DA09C2}.Debug|Any CPU.ActiveCfg = Debug|Any CPU
		{DDF819DA-22E4-4723-A548-6BA968DA09C2}.Debug|Any CPU.Build.0 = Debug|Any CPU
		{DDF819DA-22E4-4723-A548-6BA968DA09C2}.Release|Any CPU.ActiveCfg = Release|Any CPU
		{DDF819DA-22E4-4723-A548-6BA968DA09C2}.Release|Any CPU.Build.0 = Release|Any CPU
		{41553A65-5A1F-1AAD-44BF-6632400D825D}.Debug|Any CPU.ActiveCfg = Debug|Any CPU
		{41553A65-5A1F-1AAD-44BF-6632400D825D}.Debug|Any CPU.Build.0 = Debug|Any CPU
		{41553A65-5A1F-1AAD-44BF-6632400D825D}.Release|Any CPU.ActiveCfg = Release|Any CPU
		{41553A65-5A1F-1AAD-44BF-6632400D825D}.Release|Any CPU.Build.0 = Release|Any CPU
		{557299A7-1AB1-0825-1434-EE577236D618}.Debug|Any CPU.ActiveCfg = Debug|Any CPU
		{557299A7-1AB1-0825-1434-EE577236D618}.Debug|Any CPU.Build.0 = Debug|Any CPU
		{557299A7-1AB1-0825-1434-EE577236D618}.Release|Any CPU.ActiveCfg = Release|Any CPU
		{557299A7-1AB1-0825-1434-EE577236D618}.Release|Any CPU.Build.0 = Release|Any CPU
		{75D3B531-A2F6-19A0-11CF-74349F1175C2}.Debug|Any CPU.ActiveCfg = Debug|Any CPU
		{75D3B531-A2F6-19A0-11CF-74349F1175C2}.Debug|Any CPU.Build.0 = Debug|Any CPU
		{75D3B531-A2F6-19A0-11CF-74349F1175C2}.Release|Any CPU.ActiveCfg = Release|Any CPU
		{75D3B531-A2F6-19A0-11CF-74349F1175C2}.Release|Any CPU.Build.0 = Release|Any CPU
	EndGlobalSection
	GlobalSection(SolutionProperties) = preSolution
		HideSolutionNode = FALSE
	EndGlobalSection
	GlobalSection(ExtensibilityGlobals) = postSolution
		SolutionGuid = {CC34748B-F368-4F80-8BEA-DCA461BD7BC6}
	EndGlobalSection
EndGlobal
